
Microsoft Visual Studio Solution File, Format Version 12.00
# Visual Studio Version 16
VisualStudioVersion = 16.0.29911.84
MinimumVisualStudioVersion = 10.0.40219.1
Project("{F184B08F-C81C-45F6-A57F-5ABD9991F28F}") = "MVCApplication", "MVCApplication\MVCApplication.vbproj", "{92C2A824-D555-4FAF-9880-60066A76B80A}"
EndProject
Global
	GlobalSection(SolutionConfigurationPlatforms) = preSolution
		Debug|Any CPU = Debug|Any CPU
		Release|Any CPU = Release|Any CPU
	EndGlobalSection
	GlobalSection(ProjectConfigurationPlatforms) = postSolution
		{92C2A824-D555-4FAF-9880-60066A76B80A}.Debug|Any CPU.ActiveCfg = Debug|Any CPU
		{92C2A824-D555-4FAF-9880-60066A76B80A}.Debug|Any CPU.Build.0 = Debug|Any CPU
		{92C2A824-D555-4FAF-9880-60066A76B80A}.Release|Any CPU.ActiveCfg = Release|Any CPU
		{92C2A824-D555-4FAF-9880-60066A76B80A}.Release|Any CPU.Build.0 = Release|Any CPU
	EndGlobalSection
	GlobalSection(SolutionProperties) = preSolution
		HideSolutionNode = FALSE
	EndGlobalSection
	GlobalSection(ExtensibilityGlobals) = postSolution
		SolutionGuid = {B3C769E4-5FD8-4F4D-A968-9DAF9DC2B009}
	EndGlobalSection
EndGlobal
